
Microsoft Visual Studio Solution File, Format Version 12.00
# Visual Studio Version 17
VisualStudioVersion = 17.10.35013.160
MinimumVisualStudioVersion = 10.0.40219.1
Project("{9A19103F-16F7-4668-BE54-9A1E7A4F7556}") = "FeatureAuth", "FeatureAuth\FeatureAuth.csproj", "{13C81C3F-88F3-4F78-8477-FF0703298993}"
EndProject
Project("{9A19103F-16F7-4668-BE54-9A1E7A4F7556}") = "FeatureAuth.UnitTests", "FeatureAuth.UnitTests\FeatureAuth.UnitTests.csproj", "{309E0736-64E3-4A77-B41E-8860A3295C2C}"
EndProject
Project("{2150E333-8FDC-42A3-9474-1A3956D46DE8}") = "FeatureAuth", "FeatureAuth", "{0972B743-2C61-46AC-8AC9-B4EC420AA4E4}"
EndProject
Project("{2150E333-8FDC-42A3-9474-1A3956D46DE8}") = "Modules", "Modules", "{4530A050-767F-423D-9249-811410756CE8}"
EndProject
Project("{2150E333-8FDC-42A3-9474-1A3956D46DE8}") = "ToDoItems", "ToDoItems", "{99352B96-C13C-4D36-B4ED-05106D242569}"
EndProject
Project("{9A19103F-16F7-4668-BE54-9A1E7A4F7556}") = "ToDoModule", "ToDoModule\ToDoModule.csproj", "{5417A78F-0AC5-406B-9168-17083DB492D7}"
EndProject
Project("{9A19103F-16F7-4668-BE54-9A1E7A4F7556}") = "FeatureAuth.WebApp", "FeatureAuth.WebApp\FeatureAuth.WebApp.csproj", "{06E69408-7549-4BF0-8051-E1FDAB852694}"
EndProject
Project("{9A19103F-16F7-4668-BE54-9A1E7A4F7556}") = "FeatureAuth.WebApp.Client", "FeatureAuth.WebApp.Client\FeatureAuth.WebApp.Client.csproj", "{FB3ED913-DAA4-44A5-B035-857E2226EA07}"
EndProject
Global
	GlobalSection(SolutionConfigurationPlatforms) = preSolution
		Debug|Any CPU = Debug|Any CPU
		Release|Any CPU = Release|Any CPU
	EndGlobalSection
	GlobalSection(ProjectConfigurationPlatforms) = postSolution
		{13C81C3F-88F3-4F78-8477-FF0703298993}.Debug|Any CPU.ActiveCfg = Debug|Any CPU
		{13C81C3F-88F3-4F78-8477-FF0703298993}.Debug|Any CPU.Build.0 = Debug|Any CPU
		{13C81C3F-88F3-4F78-8477-FF0703298993}.Release|Any CPU.ActiveCfg = Release|Any CPU
		{13C81C3F-88F3-4F78-8477-FF0703298993}.Release|Any CPU.Build.0 = Release|Any CPU
		{309E0736-64E3-4A77-B41E-8860A3295C2C}.Debug|Any CPU.ActiveCfg = Debug|Any CPU
		{309E0736-64E3-4A77-B41E-8860A3295C2C}.Debug|Any CPU.Build.0 = Debug|Any CPU
		{309E0736-64E3-4A77-B41E-8860A3295C2C}.Release|Any CPU.ActiveCfg = Release|Any CPU
		{309E0736-64E3-4A77-B41E-8860A3295C2C}.Release|Any CPU.Build.0 = Release|Any CPU
		{5417A78F-0AC5-406B-9168-17083DB492D7}.Debug|Any CPU.ActiveCfg = Debug|Any CPU
		{5417A78F-0AC5-406B-9168-17083DB492D7}.Debug|Any CPU.Build.0 = Debug|Any CPU
		{5417A78F-0AC5-406B-9168-17083DB492D7}.Release|Any CPU.ActiveCfg = Release|Any CPU
		{5417A78F-0AC5-406B-9168-17083DB492D7}.Release|Any CPU.Build.0 = Release|Any CPU
		{06E69408-7549-4BF0-8051-E1FDAB852694}.Debug|Any CPU.ActiveCfg = Debug|Any CPU
		{06E69408-7549-4BF0-8051-E1FDAB852694}.Debug|Any CPU.Build.0 = Debug|Any CPU
		{06E69408-7549-4BF0-8051-E1FDAB852694}.Release|Any CPU.ActiveCfg = Release|Any CPU
		{06E69408-7549-4BF0-8051-E1FDAB852694}.Release|Any CPU.Build.0 = Release|Any CPU
		{FB3ED913-DAA4-44A5-B035-857E2226EA07}.Debug|Any CPU.ActiveCfg = Debug|Any CPU
		{FB3ED913-DAA4-44A5-B035-857E2226EA07}.Debug|Any CPU.Build.0 = Debug|Any CPU
		{FB3ED913-DAA4-44A5-B035-857E2226EA07}.Release|Any CPU.ActiveCfg = Release|Any CPU
		{FB3ED913-DAA4-44A5-B035-857E2226EA07}.Release|Any CPU.Build.0 = Release|Any CPU
	EndGlobalSection
	GlobalSection(SolutionProperties) = preSolution
		HideSolutionNode = FALSE
	EndGlobalSection
	GlobalSection(NestedProjects) = preSolution
		{13C81C3F-88F3-4F78-8477-FF0703298993} = {0972B743-2C61-46AC-8AC9-B4EC420AA4E4}
		{309E0736-64E3-4A77-B41E-8860A3295C2C} = {0972B743-2C61-46AC-8AC9-B4EC420AA4E4}
		{99352B96-C13C-4D36-B4ED-05106D242569} = {4530A050-767F-423D-9249-811410756CE8}
		{5417A78F-0AC5-406B-9168-17083DB492D7} = {99352B96-C13C-4D36-B4ED-05106D242569}
	EndGlobalSection
	GlobalSection(ExtensibilityGlobals) = postSolution
		SolutionGuid = {5D44CD8D-E171-4372-8A02-49D8F70AC77D}
	EndGlobalSection
EndGlobal
